
Microsoft Visual Studio Solution File, Format Version 12.00
# Visual Studio Version 16
VisualStudioVersion = 16.0.30503.244
MinimumVisualStudioVersion = 10.0.40219.1
Project("{9A19103F-16F7-4668-BE54-9A1E7A4F7556}") = "PbsDbAccess", "PbsDbAccess\PbsDbAccess.csproj", "{C6444FF2-5CCB-411A-9327-5BB2B46ACBF3}"
EndProject
Project("{FAE04EC0-301F-11D3-BF4B-00C04F79EFBC}") = "MiDataAddressTool", "MiDataAddressTool\MiDataAddressTool.csproj", "{EE39C1E5-ACA5-48BE-9E18-C1F465ACAA37}"
EndProject
Global
	GlobalSection(SolutionConfigurationPlatforms) = preSolution
		CD_ROM|Any CPU = CD_ROM|Any CPU
		CD_ROM|ARM = CD_ROM|ARM
		CD_ROM|x86 = CD_ROM|x86
		Debug|Any CPU = Debug|Any CPU
		Debug|ARM = Debug|ARM
		Debug|x86 = Debug|x86
		DVD-5|Any CPU = DVD-5|Any CPU
		DVD-5|ARM = DVD-5|ARM
		DVD-5|x86 = DVD-5|x86
		Release|Any CPU = Release|Any CPU
		Release|ARM = Release|ARM
		Release|x86 = Release|x86
		SingleImage|Any CPU = SingleImage|Any CPU
		SingleImage|ARM = SingleImage|ARM
		SingleImage|x86 = SingleImage|x86
	EndGlobalSection
	GlobalSection(ProjectConfigurationPlatforms) = postSolution
		{C6444FF2-5CCB-411A-9327-5BB2B46ACBF3}.CD_ROM|Any CPU.ActiveCfg = Release|Any CPU
		{C6444FF2-5CCB-411A-9327-5BB2B46ACBF3}.CD_ROM|Any CPU.Build.0 = Release|Any CPU
		{C6444FF2-5CCB-411A-9327-5BB2B46ACBF3}.CD_ROM|ARM.ActiveCfg = Release|Any CPU
		{C6444FF2-5CCB-411A-9327-5BB2B46ACBF3}.CD_ROM|x86.ActiveCfg = Release|Any CPU
		{C6444FF2-5CCB-411A-9327-5BB2B46ACBF3}.Debug|Any CPU.ActiveCfg = Debug|Any CPU
		{C6444FF2-5CCB-411A-9327-5BB2B46ACBF3}.Debug|Any CPU.Build.0 = Debug|Any CPU
		{C6444FF2-5CCB-411A-9327-5BB2B46ACBF3}.Debug|ARM.ActiveCfg = Debug|Any CPU
		{C6444FF2-5CCB-411A-9327-5BB2B46ACBF3}.Debug|x86.ActiveCfg = Debug|Any CPU
		{C6444FF2-5CCB-411A-9327-5BB2B46ACBF3}.DVD-5|Any CPU.ActiveCfg = Debug|Any CPU
		{C6444FF2-5CCB-411A-9327-5BB2B46ACBF3}.DVD-5|Any CPU.Build.0 = Debug|Any CPU
		{C6444FF2-5CCB-411A-9327-5BB2B46ACBF3}.DVD-5|ARM.ActiveCfg = Debug|Any CPU
		{C6444FF2-5CCB-411A-9327-5BB2B46ACBF3}.DVD-5|x86.ActiveCfg = Debug|Any CPU
		{C6444FF2-5CCB-411A-9327-5BB2B46ACBF3}.Release|Any CPU.ActiveCfg = Release|Any CPU
		{C6444FF2-5CCB-411A-9327-5BB2B46ACBF3}.Release|Any CPU.Build.0 = Release|Any CPU
		{C6444FF2-5CCB-411A-9327-5BB2B46ACBF3}.Release|ARM.ActiveCfg = Release|Any CPU
		{C6444FF2-5CCB-411A-9327-5BB2B46ACBF3}.Release|x86.ActiveCfg = Release|Any CPU
		{C6444FF2-5CCB-411A-9327-5BB2B46ACBF3}.SingleImage|Any CPU.ActiveCfg = Release|Any CPU
		{C6444FF2-5CCB-411A-9327-5BB2B46ACBF3}.SingleImage|Any CPU.Build.0 = Release|Any CPU
		{C6444FF2-5CCB-411A-9327-5BB2B46ACBF3}.SingleImage|ARM.ActiveCfg = Release|Any CPU
		{C6444FF2-5CCB-411A-9327-5BB2B46ACBF3}.SingleImage|x86.ActiveCfg = Release|Any CPU
		{EE39C1E5-ACA5-48BE-9E18-C1F465ACAA37}.CD_ROM|Any CPU.ActiveCfg = Release|Any CPU
		{EE39C1E5-ACA5-48BE-9E18-C1F465ACAA37}.CD_ROM|Any CPU.Build.0 = Release|Any CPU
		{EE39C1E5-ACA5-48BE-9E18-C1F465ACAA37}.CD_ROM|ARM.ActiveCfg = Release|Any CPU
		{EE39C1E5-ACA5-48BE-9E18-C1F465ACAA37}.CD_ROM|x86.ActiveCfg = Release|Any CPU
		{EE39C1E5-ACA5-48BE-9E18-C1F465ACAA37}.Debug|Any CPU.ActiveCfg = Debug|Any CPU
		{EE39C1E5-ACA5-48BE-9E18-C1F465ACAA37}.Debug|Any CPU.Build.0 = Debug|Any CPU
		{EE39C1E5-ACA5-48BE-9E18-C1F465ACAA37}.Debug|ARM.ActiveCfg = Debug|Any CPU
		{EE39C1E5-ACA5-48BE-9E18-C1F465ACAA37}.Debug|x86.ActiveCfg = Debug|Any CPU
		{EE39C1E5-ACA5-48BE-9E18-C1F465ACAA37}.DVD-5|Any CPU.ActiveCfg = Debug|Any CPU
		{EE39C1E5-ACA5-48BE-9E18-C1F465ACAA37}.DVD-5|Any CPU.Build.0 = Debug|Any CPU
		{EE39C1E5-ACA5-48BE-9E18-C1F465ACAA37}.DVD-5|ARM.ActiveCfg = Debug|Any CPU
		{EE39C1E5-ACA5-48BE-9E18-C1F465ACAA37}.DVD-5|x86.ActiveCfg = Debug|Any CPU
		{EE39C1E5-ACA5-48BE-9E18-C1F465ACAA37}.Release|Any CPU.ActiveCfg = Release|Any CPU
		{EE39C1E5-ACA5-48BE-9E18-C1F465ACAA37}.Release|Any CPU.Build.0 = Release|Any CPU
		{EE39C1E5-ACA5-48BE-9E18-C1F465ACAA37}.Release|ARM.ActiveCfg = Release|Any CPU
		{EE39C1E5-ACA5-48BE-9E18-C1F465ACAA37}.Release|x86.ActiveCfg = Release|Any CPU
		{EE39C1E5-ACA5-48BE-9E18-C1F465ACAA37}.SingleImage|Any CPU.ActiveCfg = Release|Any CPU
		{EE39C1E5-ACA5-48BE-9E18-C1F465ACAA37}.SingleImage|Any CPU.Build.0 = Release|Any CPU
		{EE39C1E5-ACA5-48BE-9E18-C1F465ACAA37}.SingleImage|ARM.ActiveCfg = Release|Any CPU
		{EE39C1E5-ACA5-48BE-9E18-C1F465ACAA37}.SingleImage|x86.ActiveCfg = Release|Any CPU
	EndGlobalSection
	GlobalSection(SolutionProperties) = preSolution
		HideSolutionNode = FALSE
	EndGlobalSection
	GlobalSection(ExtensibilityGlobals) = postSolution
		SolutionGuid = {E41A44C9-377D-4D25-AD37-C279431964AA}
	EndGlobalSection
EndGlobal
