
Microsoft Visual Studio Solution File, Format Version 12.00
# Visual Studio 2013
VisualStudioVersion = 12.0.31101.0
MinimumVisualStudioVersion = 10.0.40219.1
Project("{FAE04EC0-301F-11D3-BF4B-00C04F79EFBC}") = "PbsDbWpContactStore.UI", "PbsDbWpContactStore.UI\PbsDbWpContactStore.UI.csproj", "{15E09040-E61E-4AC9-A1E2-17EDF8673E1F}"
EndProject
Project("{FAE04EC0-301F-11D3-BF4B-00C04F79EFBC}") = "PbsDbWpContactStore.View", "PbsDbWpContactStore.View\PbsDbWpContactStore.View.csproj", "{6DECA0D6-716D-4C92-80EE-C993B222EB27}"
EndProject
Project("{FAE04EC0-301F-11D3-BF4B-00C04F79EFBC}") = "PbsDbWpContactStore.Model", "PbsDbWpContactStore.Model\PbsDbWpContactStore.Model.csproj", "{1AF609C3-BBFE-4F8D-BD9B-62A6EAF12630}"
EndProject
Project("{FAE04EC0-301F-11D3-BF4B-00C04F79EFBC}") = "PbsDbWpContactStore.ViewModel", "PbsDbWpContactStore.ViewModel\PbsDbWpContactStore.ViewModel.csproj", "{A9CA5EAC-3064-4498-BB9A-BC489B9C3EC0}"
EndProject
Project("{FAE04EC0-301F-11D3-BF4B-00C04F79EFBC}") = "PbsDbAccess", "PbsDbAccess\PbsDbAccess.csproj", "{C6444FF2-5CCB-411A-9327-5BB2B46ACBF3}"
EndProject
Global
	GlobalSection(SolutionConfigurationPlatforms) = preSolution
		Debug|Any CPU = Debug|Any CPU
		Debug|ARM = Debug|ARM
		Debug|x86 = Debug|x86
		Release|Any CPU = Release|Any CPU
		Release|ARM = Release|ARM
		Release|x86 = Release|x86
	EndGlobalSection
	GlobalSection(ProjectConfigurationPlatforms) = postSolution
		{15E09040-E61E-4AC9-A1E2-17EDF8673E1F}.Debug|Any CPU.ActiveCfg = Debug|Any CPU
		{15E09040-E61E-4AC9-A1E2-17EDF8673E1F}.Debug|Any CPU.Build.0 = Debug|Any CPU
		{15E09040-E61E-4AC9-A1E2-17EDF8673E1F}.Debug|Any CPU.Deploy.0 = Debug|Any CPU
		{15E09040-E61E-4AC9-A1E2-17EDF8673E1F}.Debug|ARM.ActiveCfg = Debug|ARM
		{15E09040-E61E-4AC9-A1E2-17EDF8673E1F}.Debug|ARM.Build.0 = Debug|ARM
		{15E09040-E61E-4AC9-A1E2-17EDF8673E1F}.Debug|ARM.Deploy.0 = Debug|ARM
		{15E09040-E61E-4AC9-A1E2-17EDF8673E1F}.Debug|x86.ActiveCfg = Debug|x86
		{15E09040-E61E-4AC9-A1E2-17EDF8673E1F}.Debug|x86.Build.0 = Debug|x86
		{15E09040-E61E-4AC9-A1E2-17EDF8673E1F}.Debug|x86.Deploy.0 = Debug|x86
		{15E09040-E61E-4AC9-A1E2-17EDF8673E1F}.Release|Any CPU.ActiveCfg = Release|Any CPU
		{15E09040-E61E-4AC9-A1E2-17EDF8673E1F}.Release|Any CPU.Build.0 = Release|Any CPU
		{15E09040-E61E-4AC9-A1E2-17EDF8673E1F}.Release|Any CPU.Deploy.0 = Release|Any CPU
		{15E09040-E61E-4AC9-A1E2-17EDF8673E1F}.Release|ARM.ActiveCfg = Release|ARM
		{15E09040-E61E-4AC9-A1E2-17EDF8673E1F}.Release|ARM.Build.0 = Release|ARM
		{15E09040-E61E-4AC9-A1E2-17EDF8673E1F}.Release|ARM.Deploy.0 = Release|ARM
		{15E09040-E61E-4AC9-A1E2-17EDF8673E1F}.Release|x86.ActiveCfg = Release|x86
		{15E09040-E61E-4AC9-A1E2-17EDF8673E1F}.Release|x86.Build.0 = Release|x86
		{15E09040-E61E-4AC9-A1E2-17EDF8673E1F}.Release|x86.Deploy.0 = Release|x86
		{6DECA0D6-716D-4C92-80EE-C993B222EB27}.Debug|Any CPU.ActiveCfg = Debug|Any CPU
		{6DECA0D6-716D-4C92-80EE-C993B222EB27}.Debug|Any CPU.Build.0 = Debug|Any CPU
		{6DECA0D6-716D-4C92-80EE-C993B222EB27}.Debug|Any CPU.Deploy.0 = Debug|Any CPU
		{6DECA0D6-716D-4C92-80EE-C993B222EB27}.Debug|ARM.ActiveCfg = Debug|ARM
		{6DECA0D6-716D-4C92-80EE-C993B222EB27}.Debug|ARM.Build.0 = Debug|ARM
		{6DECA0D6-716D-4C92-80EE-C993B222EB27}.Debug|ARM.Deploy.0 = Debug|ARM
		{6DECA0D6-716D-4C92-80EE-C993B222EB27}.Debug|x86.ActiveCfg = Debug|x86
		{6DECA0D6-716D-4C92-80EE-C993B222EB27}.Debug|x86.Build.0 = Debug|x86
		{6DECA0D6-716D-4C92-80EE-C993B222EB27}.Debug|x86.Deploy.0 = Debug|x86
		{6DECA0D6-716D-4C92-80EE-C993B222EB27}.Release|Any CPU.ActiveCfg = Release|Any CPU
		{6DECA0D6-716D-4C92-80EE-C993B222EB27}.Release|Any CPU.Build.0 = Release|Any CPU
		{6DECA0D6-716D-4C92-80EE-C993B222EB27}.Release|Any CPU.Deploy.0 = Release|Any CPU
		{6DECA0D6-716D-4C92-80EE-C993B222EB27}.Release|ARM.ActiveCfg = Release|ARM
		{6DECA0D6-716D-4C92-80EE-C993B222EB27}.Release|ARM.Build.0 = Release|ARM
		{6DECA0D6-716D-4C92-80EE-C993B222EB27}.Release|ARM.Deploy.0 = Release|ARM
		{6DECA0D6-716D-4C92-80EE-C993B222EB27}.Release|x86.ActiveCfg = Release|x86
		{6DECA0D6-716D-4C92-80EE-C993B222EB27}.Release|x86.Build.0 = Release|x86
		{6DECA0D6-716D-4C92-80EE-C993B222EB27}.Release|x86.Deploy.0 = Release|x86
		{1AF609C3-BBFE-4F8D-BD9B-62A6EAF12630}.Debug|Any CPU.ActiveCfg = Debug|Any CPU
		{1AF609C3-BBFE-4F8D-BD9B-62A6EAF12630}.Debug|Any CPU.Build.0 = Debug|Any CPU
		{1AF609C3-BBFE-4F8D-BD9B-62A6EAF12630}.Debug|ARM.ActiveCfg = Debug|ARM
		{1AF609C3-BBFE-4F8D-BD9B-62A6EAF12630}.Debug|ARM.Build.0 = Debug|ARM
		{1AF609C3-BBFE-4F8D-BD9B-62A6EAF12630}.Debug|x86.ActiveCfg = Debug|x86
		{1AF609C3-BBFE-4F8D-BD9B-62A6EAF12630}.Debug|x86.Build.0 = Debug|x86
		{1AF609C3-BBFE-4F8D-BD9B-62A6EAF12630}.Release|Any CPU.ActiveCfg = Release|Any CPU
		{1AF609C3-BBFE-4F8D-BD9B-62A6EAF12630}.Release|Any CPU.Build.0 = Release|Any CPU
		{1AF609C3-BBFE-4F8D-BD9B-62A6EAF12630}.Release|ARM.ActiveCfg = Release|ARM
		{1AF609C3-BBFE-4F8D-BD9B-62A6EAF12630}.Release|ARM.Build.0 = Release|ARM
		{1AF609C3-BBFE-4F8D-BD9B-62A6EAF12630}.Release|x86.ActiveCfg = Release|x86
		{1AF609C3-BBFE-4F8D-BD9B-62A6EAF12630}.Release|x86.Build.0 = Release|x86
		{A9CA5EAC-3064-4498-BB9A-BC489B9C3EC0}.Debug|Any CPU.ActiveCfg = Debug|Any CPU
		{A9CA5EAC-3064-4498-BB9A-BC489B9C3EC0}.Debug|Any CPU.Build.0 = Debug|Any CPU
		{A9CA5EAC-3064-4498-BB9A-BC489B9C3EC0}.Debug|ARM.ActiveCfg = Debug|ARM
		{A9CA5EAC-3064-4498-BB9A-BC489B9C3EC0}.Debug|ARM.Build.0 = Debug|ARM
		{A9CA5EAC-3064-4498-BB9A-BC489B9C3EC0}.Debug|x86.ActiveCfg = Debug|x86
		{A9CA5EAC-3064-4498-BB9A-BC489B9C3EC0}.Debug|x86.Build.0 = Debug|x86
		{A9CA5EAC-3064-4498-BB9A-BC489B9C3EC0}.Release|Any CPU.ActiveCfg = Release|Any CPU
		{A9CA5EAC-3064-4498-BB9A-BC489B9C3EC0}.Release|Any CPU.Build.0 = Release|Any CPU
		{A9CA5EAC-3064-4498-BB9A-BC489B9C3EC0}.Release|ARM.ActiveCfg = Release|ARM
		{A9CA5EAC-3064-4498-BB9A-BC489B9C3EC0}.Release|ARM.Build.0 = Release|ARM
		{A9CA5EAC-3064-4498-BB9A-BC489B9C3EC0}.Release|x86.ActiveCfg = Release|x86
		{A9CA5EAC-3064-4498-BB9A-BC489B9C3EC0}.Release|x86.Build.0 = Release|x86
		{C6444FF2-5CCB-411A-9327-5BB2B46ACBF3}.Debug|Any CPU.ActiveCfg = Debug|Any CPU
		{C6444FF2-5CCB-411A-9327-5BB2B46ACBF3}.Debug|Any CPU.Build.0 = Debug|Any CPU
		{C6444FF2-5CCB-411A-9327-5BB2B46ACBF3}.Debug|ARM.ActiveCfg = Debug|Any CPU
		{C6444FF2-5CCB-411A-9327-5BB2B46ACBF3}.Debug|x86.ActiveCfg = Debug|Any CPU
		{C6444FF2-5CCB-411A-9327-5BB2B46ACBF3}.Release|Any CPU.ActiveCfg = Release|Any CPU
		{C6444FF2-5CCB-411A-9327-5BB2B46ACBF3}.Release|Any CPU.Build.0 = Release|Any CPU
		{C6444FF2-5CCB-411A-9327-5BB2B46ACBF3}.Release|ARM.ActiveCfg = Release|Any CPU
		{C6444FF2-5CCB-411A-9327-5BB2B46ACBF3}.Release|x86.ActiveCfg = Release|Any CPU
	EndGlobalSection
	GlobalSection(SolutionProperties) = preSolution
		HideSolutionNode = FALSE
	EndGlobalSection
EndGlobal
